
Microsoft Visual Studio Solution File, Format Version 12.00
# Visual Studio Version 17
VisualStudioVersion = 17.14.37012.4 d17.14
MinimumVisualStudioVersion = 10.0.40219.1
Project("{FAE04EC0-301F-11D3-BF4B-00C04F79EFBC}") = "CafeManagement", "CafeManagement\CafeManagement.csproj", "{FF6190DD-2CF9-4454-8AC9-AC9BCBDE2890}"
EndProject
Global
	GlobalSection(SolutionConfigurationPlatforms) = preSolution
		Debug|Any CPU = Debug|Any CPU
		Release|Any CPU = Release|Any CPU
	EndGlobalSection
	GlobalSection(ProjectConfigurationPlatforms) = postSolution
		{FF6190DD-2CF9-4454-8AC9-AC9BCBDE2890}.Debug|Any CPU.ActiveCfg = Debug|Any CPU
		{FF6190DD-2CF9-4454-8AC9-AC9BCBDE2890}.Debug|Any CPU.Build.0 = Debug|Any CPU
		{FF6190DD-2CF9-4454-8AC9-AC9BCBDE2890}.Release|Any CPU.ActiveCfg = Release|Any CPU
		{FF6190DD-2CF9-4454-8AC9-AC9BCBDE2890}.Release|Any CPU.Build.0 = Release|Any CPU
	EndGlobalSection
	GlobalSection(SolutionProperties) = preSolution
		HideSolutionNode = FALSE
	EndGlobalSection
	GlobalSection(ExtensibilityGlobals) = postSolution
		SolutionGuid = {EF870CEB-85EA-4A2A-AAB6-2DA9E3088FC7}
	EndGlobalSection
EndGlobal
